{
  "name": "futaba-context",
  "version": "0.0.1",
  "lockfileVersion": 3,
  "requires": true,
  "packages": {
    "": {
      "name": "futaba-context",
      "version": "0.0.1",
      "license": "MIT",
      "bin": {
        "futaba": "packages/cli/bin/futaba.js"
      },
      "engines": {
        "node": ">=20"
      }
    }
  }
}
